
Microsoft Visual Studio Solution File, Format Version 12.00
# Visual Studio 15
VisualStudioVersion = 15.0.28307.438
MinimumVisualStudioVersion = 10.0.40219.1
Project("{9A19103F-16F7-4668-BE54-9A1E7A4F7556}") = "CoreWebsite.Data", "CoreWebsite.Data\CoreWebsite.Data.csproj", "{E75A2051-0B6D-40A3-BF73-D443982A716C}"
EndProject
Project("{9A19103F-16F7-4668-BE54-9A1E7A4F7556}") = "CoreWebsite.BLL", "CoreWebsite.BLL\CoreWebsite.BLL.csproj", "{CD93B975-E549-4862-9CE6-DCB4368DB9DF}"
EndProject
Project("{9A19103F-16F7-4668-BE54-9A1E7A4F7556}") = "CoreWebsite.Web", "CoreWebsite.Web\CoreWebsite.Web.csproj", "{C58B67A0-2204-4A2E-8BE8-0CF7D43ECE44}"
EndProject
Project("{9A19103F-16F7-4668-BE54-9A1E7A4F7556}") = "CoreWebsite.Web.Tests", "CoreWebsite.Web.Tests\CoreWebsite.Web.Tests.csproj", "{BCA34DF7-BE1D-4603-BA3B-5C51ECE12020}"
EndProject
Project("{9A19103F-16F7-4668-BE54-9A1E7A4F7556}") = "CoreWebsite.Api", "CoreWebsite.Api\CoreWebsite.Api.csproj", "{CB6775B8-5EBD-4839-91B5-85B3B1BC98D2}"
EndProject
Project("{FAE04EC0-301F-11D3-BF4B-00C04F79EFBC}") = "CoreWebsite.Api.ConsoleClient", "CoreWebsite.Api.ConsoleClient\CoreWebsite.Api.ConsoleClient.csproj", "{79D71F7D-E457-462A-85A3-09BAB0C01863}"
EndProject
Global
	GlobalSection(SolutionConfigurationPlatforms) = preSolution
		Debug|Any CPU = Debug|Any CPU
		Release|Any CPU = Release|Any CPU
	EndGlobalSection
	GlobalSection(ProjectConfigurationPlatforms) = postSolution
		{E75A2051-0B6D-40A3-BF73-D443982A716C}.Debug|Any CPU.ActiveCfg = Debug|Any CPU
		{E75A2051-0B6D-40A3-BF73-D443982A716C}.Debug|Any CPU.Build.0 = Debug|Any CPU
		{E75A2051-0B6D-40A3-BF73-D443982A716C}.Release|Any CPU.ActiveCfg = Release|Any CPU
		{E75A2051-0B6D-40A3-BF73-D443982A716C}.Release|Any CPU.Build.0 = Release|Any CPU
		{CD93B975-E549-4862-9CE6-DCB4368DB9DF}.Debug|Any CPU.ActiveCfg = Debug|Any CPU
		{CD93B975-E549-4862-9CE6-DCB4368DB9DF}.Debug|Any CPU.Build.0 = Debug|Any CPU
		{CD93B975-E549-4862-9CE6-DCB4368DB9DF}.Release|Any CPU.ActiveCfg = Release|Any CPU
		{CD93B975-E549-4862-9CE6-DCB4368DB9DF}.Release|Any CPU.Build.0 = Release|Any CPU
		{C58B67A0-2204-4A2E-8BE8-0CF7D43ECE44}.Debug|Any CPU.ActiveCfg = Debug|Any CPU
		{C58B67A0-2204-4A2E-8BE8-0CF7D43ECE44}.Debug|Any CPU.Build.0 = Debug|Any CPU
		{C58B67A0-2204-4A2E-8BE8-0CF7D43ECE44}.Release|Any CPU.ActiveCfg = Release|Any CPU
		{C58B67A0-2204-4A2E-8BE8-0CF7D43ECE44}.Release|Any CPU.Build.0 = Release|Any CPU
		{BCA34DF7-BE1D-4603-BA3B-5C51ECE12020}.Debug|Any CPU.ActiveCfg = Debug|Any CPU
		{BCA34DF7-BE1D-4603-BA3B-5C51ECE12020}.Debug|Any CPU.Build.0 = Debug|Any CPU
		{BCA34DF7-BE1D-4603-BA3B-5C51ECE12020}.Release|Any CPU.ActiveCfg = Release|Any CPU
		{BCA34DF7-BE1D-4603-BA3B-5C51ECE12020}.Release|Any CPU.Build.0 = Release|Any CPU
		{CB6775B8-5EBD-4839-91B5-85B3B1BC98D2}.Debug|Any CPU.ActiveCfg = Debug|Any CPU
		{CB6775B8-5EBD-4839-91B5-85B3B1BC98D2}.Debug|Any CPU.Build.0 = Debug|Any CPU
		{CB6775B8-5EBD-4839-91B5-85B3B1BC98D2}.Release|Any CPU.ActiveCfg = Release|Any CPU
		{CB6775B8-5EBD-4839-91B5-85B3B1BC98D2}.Release|Any CPU.Build.0 = Release|Any CPU
		{79D71F7D-E457-462A-85A3-09BAB0C01863}.Debug|Any CPU.ActiveCfg = Debug|Any CPU
		{79D71F7D-E457-462A-85A3-09BAB0C01863}.Debug|Any CPU.Build.0 = Debug|Any CPU
		{79D71F7D-E457-462A-85A3-09BAB0C01863}.Release|Any CPU.ActiveCfg = Release|Any CPU
		{79D71F7D-E457-462A-85A3-09BAB0C01863}.Release|Any CPU.Build.0 = Release|Any CPU
	EndGlobalSection
	GlobalSection(SolutionProperties) = preSolution
		HideSolutionNode = FALSE
	EndGlobalSection
	GlobalSection(ExtensibilityGlobals) = postSolution
		SolutionGuid = {B792857B-58BE-4B01-8AA0-4BB31A19B3AE}
	EndGlobalSection
EndGlobal
